# This file is autogenerated, do not edit; changes may be undone by the next 'dep ensure'.


[[projects]]
  name = "github.com/RoaringBitmap/roaring"
  packages = ["."]
  revision = "cefad6e4f79d4fa5d1d758ff937dde300641ccfa"

[[projects]]
  branch = "master"
  name = "github.com/Smerity/govarint"
  packages = ["."]
  revision = "7265e41f48f15fd61751e16da866af3c704bb3ab"

[[projects]]
  name = "github.com/beorn7/perks"
  packages = ["quantile"]
  revision = "4c0e84591b9aa9e6dcfdf3e020114cd81f89d5f9"

[[projects]]
  name = "github.com/blevesearch/bleve"
  packages = [
    ".",
    "analysis",
    "analysis/analyzer/custom",
    "analysis/analyzer/keyword",
    "analysis/analyzer/simple",
    "analysis/analyzer/standard",
    "analysis/analyzer/web",
    "analysis/char/html",
    "analysis/char/regexp",
    "analysis/char/zerowidthnonjoiner",
    "analysis/datetime/flexible",
    "analysis/datetime/optional",
    "analysis/lang/ar",
    "analysis/lang/bg",
    "analysis/lang/ca",
    "analysis/lang/cjk",
    "analysis/lang/ckb",
    "analysis/lang/cs",
    "analysis/lang/el",
    "analysis/lang/en",
    "analysis/lang/eu",
    "analysis/lang/fa",
    "analysis/lang/fr",
    "analysis/lang/ga",
    "analysis/lang/gl",
    "analysis/lang/hi",
    "analysis/lang/hy",
    "analysis/lang/id",
    "analysis/lang/in",
    "analysis/lang/it",
    "analysis/lang/pt",
    "analysis/token/apostrophe",
    "analysis/token/compound",
    "analysis/token/edgengram",
    "analysis/token/elision",
    "analysis/token/keyword",
    "analysis/token/length",
    "analysis/token/lowercase",
    "analysis/token/ngram",
    "analysis/token/porter",
    "analysis/token/shingle",
    "analysis/token/stop",
    "analysis/token/truncate",
    "analysis/token/unicodenorm",
    "analysis/tokenizer/character",
    "analysis/tokenizer/exception",
    "analysis/tokenizer/letter",
    "analysis/tokenizer/regexp",
    "analysis/tokenizer/single",
    "analysis/tokenizer/unicode",
    "analysis/tokenizer/web",
    "analysis/tokenizer/whitespace",
    "analysis/tokenmap",
    "config",
    "document",
    "geo",
    "index",
    "index/scorch",
    "index/scorch/mergeplan",
    "index/scorch/segment",
    "index/scorch/segment/mem",
    "index/scorch/segment/zap",
    "index/store",
    "index/store/boltdb",
    "index/store/goleveldb",
    "index/store/gtreap",
    "index/store/moss",
    "index/upsidedown",
    "mapping",
    "numeric",
    "registry",
    "search",
    "search/collector",
    "search/facet",
    "search/highlight",
    "search/highlight/format/ansi",
    "search/highlight/format/html",
    "search/highlight/fragmenter/simple",
    "search/highlight/highlighter/ansi",
    "search/highlight/highlighter/html",
    "search/highlight/highlighter/simple",
    "search/query",
    "search/scorer",
    "search/searcher"
  ]
  revision = "0456569b6240ce13fc7bfed00e10b3f99e68a3e2"
  version = "v0.6.0"

[[projects]]
  branch = "master"
  name = "github.com/blevesearch/blevex"
  packages = [
    "cznicb",
    "detectlang",
    "icu",
    "lang/da",
    "lang/de",
    "lang/en",
    "lang/es",
    "lang/fi",
    "lang/fr",
    "lang/hu",
    "lang/it",
    "lang/ja",
    "lang/nl",
    "lang/no",
    "lang/pt",
    "lang/ro",
    "lang/ru",
    "lang/sv",
    "lang/th",
    "lang/tr",
    "leveldb",
    "rocksdb",
    "stemmer"
  ]
  revision = "4b158bb555a3297565afecf6fae675c74f1e47df"

[[projects]]
  branch = "master"
  name = "github.com/blevesearch/cld2"
  packages = ["."]
  revision = "10f17c049ec9b2c706118870a0f580a370217a65"

[[projects]]
  branch = "master"
  name = "github.com/blevesearch/go-porterstemmer"
  packages = ["."]
  revision = "23a2c8e5cf1f380f27722c6d2ae8896431dc7d0e"

[[projects]]
  branch = "master"
  name = "github.com/blevesearch/segment"
  packages = ["."]
  revision = "762005e7a34fd909a84586299f1dd457371d36ee"

[[projects]]
  name = "github.com/boltdb/bolt"
  packages = ["."]
  revision = "9da31745363232bc1e27dbab3569e77383a51585"

[[projects]]
  name = "github.com/buger/jsonparser"
  packages = ["."]
  revision = "5096fddd2cca678b0801ece8513a06e580981fd2"

[[projects]]
  branch = "master"
  name = "github.com/couchbase/ghistogram"
  packages = ["."]
  revision = "d910dd063dd68fb4d2a1ba344440f834ebb4ef62"

[[projects]]
  name = "github.com/couchbase/moss"
  packages = ["."]
  revision = "010c98934dc0b4e69f2d27c5abdfd36bbf6de3ee"

[[projects]]
  name = "github.com/couchbase/vellum"
  packages = [
    ".",
    "regexp",
    "utf8"
  ]
  revision = "ed84a675e24ed0a0bf6859b1ddec7e7c858354bd"

[[projects]]
  name = "github.com/cznic/b"
  packages = ["."]
  revision = "c0c71e655879a2848b5a0e0208b63f97325cbacd"

[[projects]]
  branch = "master"
  name = "github.com/edsrzf/mmap-go"
  packages = ["."]
  revision = "0bce6a6887123b67a60366d2c9fe2dfb74289d2e"

[[projects]]
  name = "github.com/fsnotify/fsnotify"
  packages = ["."]
  revision = "4da3e2cfbabc9f751898f250b49f2439785783a1"

[[projects]]
  name = "github.com/glycerine/go-unsnap-stream"
  packages = ["."]
  revision = "62a9a9eb44fd8932157b1a8ace2149eff5971af6"

[[projects]]
  name = "github.com/golang/protobuf"
  packages = [
    "jsonpb",
    "proto",
    "ptypes",
    "ptypes/any",
    "ptypes/duration",
    "ptypes/empty",
    "ptypes/struct",
    "ptypes/timestamp"
  ]
  revision = "1e59b77b52bf8e4b449a57e6f79f21226d571845"

[[projects]]
  name = "github.com/golang/snappy"
  packages = ["."]
  revision = "553a641470496b2327abcac10b36396bd98e45c9"

[[projects]]
  name = "github.com/gorilla/context"
  packages = ["."]
  revision = "08b5f424b9271eedf6f9f0ce86cb9396ed337a42"
  version = "v1.1.1"

[[projects]]
  name = "github.com/gorilla/mux"
  packages = ["."]
  revision = "512169e5d707b96d6306216743bb7884a2b3a3c9"

[[projects]]
  name = "github.com/hashicorp/hcl"
  packages = [
    ".",
    "hcl/ast",
    "hcl/parser",
    "hcl/printer",
    "hcl/scanner",
    "hcl/strconv",
    "hcl/token",
    "json/parser",
    "json/scanner",
    "json/token"
  ]
  revision = "23c074d0eceb2b8a5bfdbb271ab780cde70f05a8"

[[projects]]
  branch = "master"
  name = "github.com/ikawaha/kagome.ipadic"
  packages = [
    "internal/da",
    "internal/dic",
    "internal/dic/data",
    "internal/lattice",
    "tokenizer"
  ]
  revision = "dd3ae0544a806f4d39df5a70f46494adb3fbbfa2"

[[projects]]
  name = "github.com/inconshreveable/mousetrap"
  packages = ["."]
  revision = "76626ae9c91c4f2a10f34cad8ce83ea42c93bb75"
  version = "v1.0"

[[projects]]
  branch = "master"
  name = "github.com/jmhodges/levigo"
  packages = ["."]
  revision = "c42d9e0ca023e2198120196f842701bb4c55d7b9"

[[projects]]
  name = "github.com/magiconair/properties"
  packages = ["."]
  revision = "49d762b9817ba1c2e9d0c69183c2b4a8b8f1d934"

[[projects]]
  branch = "master"
  name = "github.com/matttproud/golang_protobuf_extensions"
  packages = ["pbutil"]
  revision = "c12348ce28de40eed0136aa2b644d0ee0650e56c"

[[projects]]
  name = "github.com/mitchellh/mapstructure"
  packages = ["."]
  revision = "06020f85339e21b2478f756a78e295255ffa4d6a"

[[projects]]
  branch = "master"
  name = "github.com/mschoch/smat"
  packages = ["."]
  revision = "90eadee771aeab36e8bf796039b8c261bebebe4f"

[[projects]]
  name = "github.com/pelletier/go-toml"
  packages = ["."]
  revision = "0131db6d737cfbbfb678f8b7d92e55e27ce46224"

[[projects]]
  name = "github.com/philhofer/fwd"
  packages = ["."]
  revision = "bb6d471dc95d4fe11e432687f8b70ff496cf3136"
  version = "v1.0.0"

[[projects]]
  name = "github.com/prometheus/client_golang"
  packages = [
    "prometheus",
    "prometheus/promhttp"
  ]
  revision = "180b8fdc22b4ea7750bcb43c925277654a1ea2f3"

[[projects]]
  branch = "master"
  name = "github.com/prometheus/client_model"
  packages = ["go"]
  revision = "99fa1f4be8e564e8a6b613da7fa6f46c9edafc6c"

[[projects]]
  name = "github.com/prometheus/common"
  packages = [
    "expfmt",
    "internal/bitbucket.org/ww/goautoneg",
    "model"
  ]
  revision = "2e54d0b93cba2fd133edc32211dcc32c06ef72ca"

[[projects]]
  name = "github.com/prometheus/procfs"
  packages = [
    ".",
    "xfs"
  ]
  revision = "b15cd069a83443be3154b719d0cc9fe8117f09fb"

[[projects]]
  name = "github.com/sirupsen/logrus"
  packages = ["."]
  revision = "d682213848ed68c0a260ca37d6dd5ace8423f5ba"
  version = "v1.0.4"

[[projects]]
  name = "github.com/spf13/afero"
  packages = [
    ".",
    "mem"
  ]
  revision = "57afd63c68602b63ed976de00dd066ccb3c319db"

[[projects]]
  name = "github.com/spf13/cast"
  packages = ["."]
  revision = "acbeb36b902d72a7a4c18e8f3241075e7ab763e4"
  version = "v1.1.0"

[[projects]]
  name = "github.com/spf13/cobra"
  packages = ["."]
  revision = "b95ab734e27d33e0d8fbabf71ca990568d4e2020"

[[projects]]
  name = "github.com/spf13/jwalterweatherman"
  packages = ["."]
  revision = "12bd96e66386c1960ab0f74ced1362f66f552f7b"

[[projects]]
  name = "github.com/spf13/pflag"
  packages = ["."]
  revision = "4c012f6dcd9546820e378d0bdda4d8fc772cdfea"

[[projects]]
  name = "github.com/spf13/viper"
  packages = ["."]
  revision = "aafc9e6bc7b7bb53ddaa75a5ef49a17d6e654be5"

[[projects]]
  branch = "master"
  name = "github.com/steveyen/gtreap"
  packages = ["."]
  revision = "0abe01ef9be25c4aedc174758ec2d917314d6d70"

[[projects]]
  name = "github.com/syndtr/goleveldb"
  packages = [
    "leveldb",
    "leveldb/cache",
    "leveldb/comparer",
    "leveldb/errors",
    "leveldb/filter",
    "leveldb/iterator",
    "leveldb/journal",
    "leveldb/memdb",
    "leveldb/opt",
    "leveldb/storage",
    "leveldb/table",
    "leveldb/util"
  ]
  revision = "34011bf325bce385408353a30b101fe5e923eb6e"

[[projects]]
  branch = "master"
  name = "github.com/tebeka/snowball"
  packages = ["."]
  revision = "6b06bd306c4e4442a63e546752278920ae487934"

[[projects]]
  name = "github.com/tecbot/gorocksdb"
  packages = ["."]
  revision = "15d5431583170b15f738a3e67ade13749f458058"

[[projects]]
  name = "github.com/tinylib/msgp"
  packages = ["msgp"]
  revision = "5bb5e1aed7ba5bcc93307153b020e7ffe79b0509"

[[projects]]
  name = "github.com/willf/bitset"
  packages = ["."]
  revision = "1a37ad96e8c1a11b20900a232874843b5174221f"

[[projects]]
  name = "golang.org/x/crypto"
  packages = ["ssh/terminal"]
  revision = "0fcca4842a8d74bfddc2c96a073bd2a4d2a7a2e8"

[[projects]]
  name = "golang.org/x/net"
  packages = [
    "context",
    "http2",
    "http2/hpack",
    "idna",
    "internal/timeseries",
    "lex/httplex",
    "trace"
  ]
  revision = "42fe2e1c20de1054d3d30f82cc9fb5b41e2e3767"

[[projects]]
  name = "golang.org/x/sys"
  packages = [
    "unix",
    "windows"
  ]
  revision = "dd9ec17814d5b1de388ebe438ec013d57d8b3779"

[[projects]]
  name = "golang.org/x/text"
  packages = [
    "collate",
    "collate/build",
    "internal/colltab",
    "internal/gen",
    "internal/tag",
    "internal/triegen",
    "internal/ucd",
    "language",
    "secure/bidirule",
    "transform",
    "unicode/bidi",
    "unicode/cldr",
    "unicode/norm",
    "unicode/rangetable"
  ]
  revision = "e19ae1496984b1c655b8044a65c0300a3c878dd3"

[[projects]]
  name = "google.golang.org/genproto"
  packages = ["googleapis/rpc/status"]
  revision = "a8101f21cf983e773d0c1133ebc5424792003214"

[[projects]]
  name = "google.golang.org/grpc"
  packages = [
    ".",
    "balancer",
    "balancer/base",
    "balancer/roundrobin",
    "codes",
    "connectivity",
    "credentials",
    "encoding",
    "grpclb/grpc_lb_v1/messages",
    "grpclog",
    "internal",
    "keepalive",
    "metadata",
    "naming",
    "peer",
    "resolver",
    "resolver/dns",
    "resolver/passthrough",
    "stats",
    "status",
    "tap",
    "transport"
  ]
  revision = "6913ad5caedced5d627918609375b057963334a5"

[[projects]]
  branch = "v2"
  name = "gopkg.in/yaml.v2"
  packages = ["."]
  revision = "0e4404da71227dcc02fb1deee803d93e86d08f72"

[solve-meta]
  analyzer-name = "dep"
  analyzer-version = 1
  inputs-digest = "5b3fafca443b65e3f87e74c75c904fe859d48e3dd2ab92be0fa6a7a95bad0271"
  solver-name = "gps-cdcl"
  solver-version = 1
